// !$*UTF8*$!
{
	archiveVersion = 1;
	classes = {
	};
	objectVersion = 46;
	objects = {

/* Begin PBXBuildFile section */
		D4383B221F1B525B00B587DB /* AppDelegate.swift in Sources */ = {isa = PBXBuildFile; fileRef = D4383B211F1B525B00B587DB /* AppDelegate.swift */; };
		D4383B271F1B525B00B587DB /* Main.storyboard in Resources */ = {isa = PBXBuildFile; fileRef = D4383B251F1B525B00B587DB /* Main.storyboard */; };
		D4383B291F1B525B00B587DB /* Assets.xcassets in Resources */ = {isa = PBXBuildFile; fileRef = D4383B281F1B525B00B587DB /* Assets.xcassets */; };
		D4383B2C1F1B525B00B587DB /* LaunchScreen.storyboard in Resources */ = {isa = PBXBuildFile; fileRef = D4383B2A1F1B525B00B587DB /* LaunchScreen.storyboard */; };
		D4534F931F1C359C00B8CF55 /* ItemsViewController.swift in Sources */ = {isa = PBXBuildFile; fileRef = D4534F921F1C359C00B8CF55 /* ItemsViewController.swift */; };
		D4534F971F1C391600B8CF55 /* Item.swift in Sources */ = {isa = PBXBuildFile; fileRef = D4534F961F1C391600B8CF55 /* Item.swift */; };
		D4534F991F1C727000B8CF55 /* ItemStore.swift in Sources */ = {isa = PBXBuildFile; fileRef = D4534F981F1C727000B8CF55 /* ItemStore.swift */; };
/* End PBXBuildFile section */

/* Begin PBXFileReference section */
		D4383B1E1F1B525B00B587DB /* Homepwner.app */ = {isa = PBXFileReference; explicitFileType = wrapper.application; includeInIndex = 0; path = Homepwner.app; sourceTree = BUILT_PRODUCTS_DIR; };
		D4383B211F1B525B00B587DB /* AppDelegate.swift */ = {isa = PBXFileReference; lastKnownFileType = sourcecode.swift; path = AppDelegate.swift; sourceTree = "<group>"; };
		D4383B261F1B525B00B587DB /* Base */ = {isa = PBXFileReference; lastKnownFileType = file.storyboard; name = Base; path = Base.lproj/Main.storyboard; sourceTree = "<group>"; };
		D4383B281F1B525B00B587DB /* Assets.xcassets */ = {isa = PBXFileReference; lastKnownFileType = folder.assetcatalog; path = Assets.xcassets; sourceTree = "<group>"; };
		D4383B2B1F1B525B00B587DB /* Base */ = {isa = PBXFileReference; lastKnownFileType = file.storyboard; name = Base; path = Base.lproj/LaunchScreen.storyboard; sourceTree = "<group>"; };
		D4383B2D1F1B525B00B587DB /* Info.plist */ = {isa = PBXFileReference; lastKnownFileType = text.plist.xml; path = Info.plist; sourceTree = "<group>"; };
		D4534F921F1C359C00B8CF55 /* ItemsViewController.swift */ = {isa = PBXFileReference; fileEncoding = 4; lastKnownFileType = sourcecode.swift; path = ItemsViewController.swift; sourceTree = "<group>"; };
		D4534F961F1C391600B8CF55 /* Item.swift */ = {isa = PBXFileReference; fileEncoding = 4; lastKnownFileType = sourcecode.swift; path = Item.swift; sourceTree = "<group>"; };
		D4534F981F1C727000B8CF55 /* ItemStore.swift */ = {isa = PBXFileReference; fileEncoding = 4; lastKnownFileType = sourcecode.swift; path = ItemStore.swift; sourceTree = "<group>"; };
/* End PBXFileReference section */

/* Begin PBXFrameworksBuildPhase section */
		D4383B1B1F1B525B00B587DB /* Frameworks */ = {
			isa = PBXFrameworksBuildPhase;
			buildActionMask = 2147483647;
			files = (
			);
			runOnlyForDeploymentPostprocessing = 0;
		};
/* End PBXFrameworksBuildPhase section */

/* Begin PBXGroup section */
		D4383B151F1B525B00B587DB = {
			isa = PBXGroup;
			children = (
				D4383B201F1B525B00B587DB /* Homepwner */,
				D4383B1F1F1B525B00B587DB /* Products */,
			);
			sourceTree = "<group>";
		};
		D4383B1F1F1B525B00B587DB /* Products */ = {
			isa = PBXGroup;
			children = (
				D4383B1E1F1B525B00B587DB /* Homepwner.app */,
			);
			name = Products;
			sourceTree = "<group>";
		};
		D4383B201F1B525B00B587DB /* Homepwner */ = {
			isa = PBXGroup;
			children = (
				D4534F951F1C38FB00B8CF55 /* ViewController */,
				D4534F941F1C38F500B8CF55 /* Model */,
				D4383B211F1B525B00B587DB /* AppDelegate.swift */,
				D4383B251F1B525B00B587DB /* Main.storyboard */,
				D4383B281F1B525B00B587DB /* Assets.xcassets */,
				D4383B2A1F1B525B00B587DB /* LaunchScreen.storyboard */,
				D4383B2D1F1B525B00B587DB /* Info.plist */,
			);
			path = Homepwner;
			sourceTree = "<group>";
		};
		D4534F941F1C38F500B8CF55 /* Model */ = {
			isa = PBXGroup;
			children = (
				D4534F961F1C391600B8CF55 /* Item.swift */,
				D4534F981F1C727000B8CF55 /* ItemStore.swift */,
			);
			name = Model;
			sourceTree = "<group>";
		};
		D4534F951F1C38FB00B8CF55 /* ViewController */ = {
			isa = PBXGroup;
			children = (
				D4534F921F1C359C00B8CF55 /* ItemsViewController.swift */,
			);
			name = ViewController;
			sourceTree = "<group>";
		};
/* End PBXGroup section */

/* Begin PBXNativeTarget section */
		D4383B1D1F1B525B00B587DB /* Homepwner */ = {
			isa = PBXNativeTarget;
			buildConfigurationList = D4383B301F1B525B00B587DB /* Build configuration list for PBXNativeTarget "Homepwner" */;
			buildPhases = (
				D4383B1A1F1B525B00B587DB /* Sources */,
				D4383B1B1F1B525B00B587DB /* Frameworks */,
				D4383B1C1F1B525B00B587DB /* Resources */,
			);
			buildRules = (
			);
			dependencies = (
			);
			name = Homepwner;
			productName = Homepwner;
			productReference = D4383B1E1F1B525B00B587DB /* Homepwner.app */;
			productType = "com.apple.product-type.application";
		};
/* End PBXNativeTarget section */

/* Begin PBXProject section */
		D4383B161F1B525B00B587DB /* Project object */ = {
			isa = PBXProject;
			attributes = {
				LastSwiftUpdateCheck = 0830;
				LastUpgradeCheck = 0830;
				ORGANIZATIONNAME = dadong;
				TargetAttributes = {
					D4383B1D1F1B525B00B587DB = {
						CreatedOnToolsVersion = 8.3.3;
						ProvisioningStyle = Automatic;
					};
				};
			};
			buildConfigurationList = D4383B191F1B525B00B587DB /* Build configuration list for PBXProject "Homepwner" */;
			compatibilityVersion = "Xcode 3.2";
			developmentRegion = English;
			hasScannedForEncodings = 0;
			knownRegions = (
				en,
				Base,
			);
			mainGroup = D4383B151F1B525B00B587DB;
			productRefGroup = D4383B1F1F1B525B00B587DB /* Products */;
			projectDirPath = "";
			projectRoot = "";
			targets = (
				D4383B1D1F1B525B00B587DB /* Homepwner */,
			);
		};
/* End PBXProject section */

/* Begin PBXResourcesBuildPhase section */
		D4383B1C1F1B525B00B587DB /* Resources */ = {
			isa = PBXResourcesBuildPhase;
			buildActionMask = 2147483647;
			files = (
				D4383B2C1F1B525B00B587DB /* LaunchScreen.storyboard in Resources */,
				D4383B291F1B525B00B587DB /* Assets.xcassets in Resources */,
				D4383B271F1B525B00B587DB /* Main.storyboard in Resources */,
			);
			runOnlyForDeploymentPostprocessing = 0;
		};
/* End PBXResourcesBuildPhase section */

/* Begin PBXSourcesBuildPhase section */
		D4383B1A1F1B525B00B587DB /* Sources */ = {
			isa = PBXSourcesBuildPhase;
			buildActionMask = 2147483647;
			files = (
				D4383B221F1B525B00B587DB /* AppDelegate.swift in Sources */,
				D4534F971F1C391600B8CF55 /* Item.swift in Sources */,
				D4534F991F1C727000B8CF55 /* ItemStore.swift in Sources */,
				D4534F931F1C359C00B8CF55 /* ItemsViewController.swift in Sources */,
			);
			runOnlyForDeploymentPostprocessing = 0;
		};
/* End PBXSourcesBuildPhase section */

/* Begin PBXVariantGroup section */
		D4383B251F1B525B00B587DB /* Main.storyboard */ = {
			isa = PBXVariantGroup;
			children = (
				D4383B261F1B525B00B587DB /* Base */,
			);
			name = Main.storyboard;
			sourceTree = "<group>";
		};
		D4383B2A1F1B525B00B587DB /* LaunchScreen.storyboard */ = {
			isa = PBXVariantGroup;
			children = (
				D4383B2B1F1B525B00B587DB /* Base */,
			);
			name = LaunchScreen.storyboard;
			sourceTree = "<group>";
		};
/* End PBXVariantGroup section */

/* Begin XCBuildConfiguration section */
		D4383B2E1F1B525B00B587DB /* Debug */ = {
			isa = XCBuildConfiguration;
			buildSettings = {
				ALWAYS_SEARCH_USER_PATHS = NO;
				CLANG_ANALYZER_NONNULL = YES;
				CLANG_ANALYZER_NUMBER_OBJECT_CONVERSION = YES_AGGRESSIVE;
				CLANG_CXX_LANGUAGE_STANDARD = "gnu++0x";
				CLANG_CXX_LIBRARY = "libc++";
				CLANG_ENABLE_MODULES = YES;
				CLANG_ENABLE_OBJC_ARC = YES;
				CLANG_WARN_BOOL_CONVERSION = YES;
				CLANG_WARN_CONSTANT_CONVERSION = YES;
				CLANG_WARN_DIRECT_OBJC_ISA_USAGE = YES_ERROR;
				CLANG_WARN_DOCUMENTATION_COMMENTS = YES;
				CLANG_WARN_EMPTY_BODY = YES;
				CLANG_WARN_ENUM_CONVERSION = YES;
				CLANG_WARN_INFINITE_RECURSION = YES;
				CLANG_WARN_INT_CONVERSION = YES;
				CLANG_WARN_OBJC_ROOT_CLASS = YES_ERROR;
				CLANG_WARN_SUSPICIOUS_MOVE = YES;
				CLANG_WARN_UNREACHABLE_CODE = YES;
				CLANG_WARN__DUPLICATE_METHOD_MATCH = YES;
				"CODE_SIGN_IDENTITY[sdk=iphoneos*]" = "iPhone Developer";
				COPY_PHASE_STRIP = NO;
				DEBUG_INFORMATION_FORMAT = dwarf;
				ENABLE_STRICT_OBJC_MSGSEND = YES;
				ENABLE_TESTABILITY = YES;
				GCC_C_LANGUAGE_STANDARD = gnu99;
				GCC_DYNAMIC_NO_PIC = NO;
				GCC_NO_COMMON_BLOCKS = YES;
				GCC_OPTIMIZATION_LEVEL = 0;
				GCC_PREPROCESSOR_DEFINITIONS = (
					"DEBUG=1",
					"$(inherited)",
				);
				GCC_WARN_64_TO_32_BIT_CONVERSION = YES;
				GCC_WARN_ABOUT_RETURN_TYPE = YES_ERROR;
				GCC_WARN_UNDECLARED_SELECTOR = YES;
				GCC_WARN_UNINITIALIZED_AUTOS = YES_AGGRESSIVE;
				GCC_WARN_UNUSED_FUNCTION = YES;
				GCC_WARN_UNUSED_VARIABLE = YES;
				IPHONEOS_DEPLOYMENT_TARGET = 10.3;
				MTL_ENABLE_DEBUG_INFO = YES;
				ONLY_ACTIVE_ARCH = YES;
				SDKROOT = iphoneos;
				SWIFT_ACTIVE_COMPILATION_CONDITIONS = DEBUG;
				SWIFT_OPTIMIZATION_LEVEL = "-Onone";
			};
			name = Debug;
		};
		D4383B2F1F1B525B00B587DB /* Release */ = {
			isa = XCBuildConfiguration;
			buildSettings = {
				ALWAYS_SEARCH_USER_PATHS = NO;
				CLANG_ANALYZER_NONNULL = YES;
				CLANG_ANALYZER_NUMBER_OBJECT_CONVERSION = YES_AGGRESSIVE;
				CLANG_CXX_LANGUAGE_STANDARD = "gnu++0x";
				CLANG_CXX_LIBRARY = "libc++";
				CLANG_ENABLE_MODULES = YES;
				CLANG_ENABLE_OBJC_ARC = YES;
				CLANG_WARN_BOOL_CONVERSION = YES;
				CLANG_WARN_CONSTANT_CONVERSION = YES;
				CLANG_WARN_DIRECT_OBJC_ISA_USAGE = YES_ERROR;
				CLANG_WARN_DOCUMENTATION_COMMENTS = YES;
				CLANG_WARN_EMPTY_BODY = YES;
				CLANG_WARN_ENUM_CONVERSION = YES;
				CLANG_WARN_INFINITE_RECURSION = YES;
				CLANG_WARN_INT_CONVERSION = YES;
				CLANG_WARN_OBJC_ROOT_CLASS = YES_ERROR;
				CLANG_WARN_SUSPICIOUS_MOVE = YES;
				CLANG_WARN_UNREACHABLE_CODE = YES;
				CLANG_WARN__DUPLICATE_METHOD_MATCH = YES;
				"CODE_SIGN_IDENTITY[sdk=iphoneos*]" = "iPhone Developer";
				COPY_PHASE_STRIP = NO;
				DEBUG_INFORMATION_FORMAT = "dwarf-with-dsym";
				ENABLE_NS_ASSERTIONS = NO;
				ENABLE_STRICT_OBJC_MSGSEND = YES;
				GCC_C_LANGUAGE_STANDARD = gnu99;
				GCC_NO_COMMON_BLOCKS = YES;
				GCC_WARN_64_TO_32_BIT_CONVERSION = YES;
				GCC_WARN_ABOUT_RETURN_TYPE = YES_ERROR;
				GCC_WARN_UNDECLARED_SELECTOR = YES;
				GCC_WARN_UNINITIALIZED_AUTOS = YES_AGGRESSIVE;
				GCC_WARN_UNUSED_FUNCTION = YES;
				GCC_WARN_UNUSED_VARIABLE = YES;
				IPHONEOS_DEPLOYMENT_TARGET = 10.3;
				MTL_ENABLE_DEBUG_INFO = NO;
				SDKROOT = iphoneos;
				SWIFT_OPTIMIZATION_LEVEL = "-Owholemodule";
				VALIDATE_PRODUCT = YES;
			};
			name = Release;
		};
		D4383B311F1B525B00B587DB /* Debug */ = {
			isa = XCBuildConfiguration;
			buildSettings = {
				ASSETCATALOG_COMPILER_APPICON_NAME = AppIcon;
				INFOPLIST_FILE = Homepwner/Info.plist;
				LD_RUNPATH_SEARCH_PATHS = "$(inherited) @executable_path/Frameworks";
				PRODUCT_BUNDLE_IDENTIFIER = com.dadong.Homepwner;
				PRODUCT_NAME = "$(TARGET_NAME)";
				SWIFT_VERSION = 3.0;
			};
			name = Debug;
		};
		D4383B321F1B525B00B587DB /* Release */ = {
			isa = XCBuildConfiguration;
			buildSettings = {
				ASSETCATALOG_COMPILER_APPICON_NAME = AppIcon;
				INFOPLIST_FILE = Homepwner/Info.plist;
				LD_RUNPATH_SEARCH_PATHS = "$(inherited) @executable_path/Frameworks";
				PRODUCT_BUNDLE_IDENTIFIER = com.dadong.Homepwner;
				PRODUCT_NAME = "$(TARGET_NAME)";
				SWIFT_VERSION = 3.0;
			};
			name = Release;
		};
/* End XCBuildConfiguration section */

/* Begin XCConfigurationList section */
		D4383B191F1B525B00B587DB /* Build configuration list for PBXProject "Homepwner" */ = {
			isa = XCConfigurationList;
			buildConfigurations = (
				D4383B2E1F1B525B00B587DB /* Debug */,
				D4383B2F1F1B525B00B587DB /* Release */,
			);
			defaultConfigurationIsVisible = 0;
			defaultConfigurationName = Release;
		};
		D4383B301F1B525B00B587DB /* Build configuration list for PBXNativeTarget "Homepwner" */ = {
			isa = XCConfigurationList;
			buildConfigurations = (
				D4383B311F1B525B00B587DB /* Debug */,
				D4383B321F1B525B00B587DB /* Release */,
			);
			defaultConfigurationIsVisible = 0;
			defaultConfigurationName = Release;
		};
/* End XCConfigurationList section */
	};
	rootObject = D4383B161F1B525B00B587DB /* Project object */;
}
