// !$*UTF8*$!
{
	archiveVersion = 1;
	classes = {
	};
	objectVersion = 46;
	objects = {

/* Begin PBXBuildFile section */
		D4EAD9261F0CB1F40053C7CC /* AppDelegate.swift in Sources */ = {isa = PBXBuildFile; fileRef = D4EAD9251F0CB1F40053C7CC /* AppDelegate.swift */; };
		D4EAD9281F0CB1F40053C7CC /* ViewController.swift in Sources */ = {isa = PBXBuildFile; fileRef = D4EAD9271F0CB1F40053C7CC /* ViewController.swift */; };
		D4EAD92B1F0CB1F40053C7CC /* Main.storyboard in Resources */ = {isa = PBXBuildFile; fileRef = D4EAD9291F0CB1F40053C7CC /* Main.storyboard */; };
		D4EAD92D1F0CB1F40053C7CC /* Assets.xcassets in Resources */ = {isa = PBXBuildFile; fileRef = D4EAD92C1F0CB1F40053C7CC /* Assets.xcassets */; };
		D4EAD9301F0CB1F40053C7CC /* LaunchScreen.storyboard in Resources */ = {isa = PBXBuildFile; fileRef = D4EAD92E1F0CB1F40053C7CC /* LaunchScreen.storyboard */; };
		D4EAD93B1F0CB1F40053C7CC /* FoodTrackerTests.swift in Sources */ = {isa = PBXBuildFile; fileRef = D4EAD93A1F0CB1F40053C7CC /* FoodTrackerTests.swift */; };
/* End PBXBuildFile section */

/* Begin PBXContainerItemProxy section */
		D4EAD9371F0CB1F40053C7CC /* PBXContainerItemProxy */ = {
			isa = PBXContainerItemProxy;
			containerPortal = D4EAD91A1F0CB1F40053C7CC /* Project object */;
			proxyType = 1;
			remoteGlobalIDString = D4EAD9211F0CB1F40053C7CC;
			remoteInfo = FoodTracker;
		};
/* End PBXContainerItemProxy section */

/* Begin PBXFileReference section */
		D4EAD9221F0CB1F40053C7CC /* FoodTracker.app */ = {isa = PBXFileReference; explicitFileType = wrapper.application; includeInIndex = 0; path = FoodTracker.app; sourceTree = BUILT_PRODUCTS_DIR; };
		D4EAD9251F0CB1F40053C7CC /* AppDelegate.swift */ = {isa = PBXFileReference; lastKnownFileType = sourcecode.swift; path = AppDelegate.swift; sourceTree = "<group>"; };
		D4EAD9271F0CB1F40053C7CC /* ViewController.swift */ = {isa = PBXFileReference; lastKnownFileType = sourcecode.swift; path = ViewController.swift; sourceTree = "<group>"; };
		D4EAD92A1F0CB1F40053C7CC /* Base */ = {isa = PBXFileReference; lastKnownFileType = file.storyboard; name = Base; path = Base.lproj/Main.storyboard; sourceTree = "<group>"; };
		D4EAD92C1F0CB1F40053C7CC /* Assets.xcassets */ = {isa = PBXFileReference; lastKnownFileType = folder.assetcatalog; path = Assets.xcassets; sourceTree = "<group>"; };
		D4EAD92F1F0CB1F40053C7CC /* Base */ = {isa = PBXFileReference; lastKnownFileType = file.storyboard; name = Base; path = Base.lproj/LaunchScreen.storyboard; sourceTree = "<group>"; };
		D4EAD9311F0CB1F40053C7CC /* Info.plist */ = {isa = PBXFileReference; lastKnownFileType = text.plist.xml; path = Info.plist; sourceTree = "<group>"; };
		D4EAD9361F0CB1F40053C7CC /* FoodTrackerTests.xctest */ = {isa = PBXFileReference; explicitFileType = wrapper.cfbundle; includeInIndex = 0; path = FoodTrackerTests.xctest; sourceTree = BUILT_PRODUCTS_DIR; };
		D4EAD93A1F0CB1F40053C7CC /* FoodTrackerTests.swift */ = {isa = PBXFileReference; lastKnownFileType = sourcecode.swift; path = FoodTrackerTests.swift; sourceTree = "<group>"; };
		D4EAD93C1F0CB1F40053C7CC /* Info.plist */ = {isa = PBXFileReference; lastKnownFileType = text.plist.xml; path = Info.plist; sourceTree = "<group>"; };
/* End PBXFileReference section */

/* Begin PBXFrameworksBuildPhase section */
		D4EAD91F1F0CB1F40053C7CC /* Frameworks */ = {
			isa = PBXFrameworksBuildPhase;
			buildActionMask = 2147483647;
			files = (
			);
			runOnlyForDeploymentPostprocessing = 0;
		};
		D4EAD9331F0CB1F40053C7CC /* Frameworks */ = {
			isa = PBXFrameworksBuildPhase;
			buildActionMask = 2147483647;
			files = (
			);
			runOnlyForDeploymentPostprocessing = 0;
		};
/* End PBXFrameworksBuildPhase section */

/* Begin PBXGroup section */
		D4EAD9191F0CB1F40053C7CC = {
			isa = PBXGroup;
			children = (
				D4EAD9241F0CB1F40053C7CC /* FoodTracker */,
				D4EAD9391F0CB1F40053C7CC /* FoodTrackerTests */,
				D4EAD9231F0CB1F40053C7CC /* Products */,
			);
			sourceTree = "<group>";
		};
		D4EAD9231F0CB1F40053C7CC /* Products */ = {
			isa = PBXGroup;
			children = (
				D4EAD9221F0CB1F40053C7CC /* FoodTracker.app */,
				D4EAD9361F0CB1F40053C7CC /* FoodTrackerTests.xctest */,
			);
			name = Products;
			sourceTree = "<group>";
		};
		D4EAD9241F0CB1F40053C7CC /* FoodTracker */ = {
			isa = PBXGroup;
			children = (
				D4EAD9251F0CB1F40053C7CC /* AppDelegate.swift */,
				D4EAD9271F0CB1F40053C7CC /* ViewController.swift */,
				D4EAD9291F0CB1F40053C7CC /* Main.storyboard */,
				D4EAD92C1F0CB1F40053C7CC /* Assets.xcassets */,
				D4EAD92E1F0CB1F40053C7CC /* LaunchScreen.storyboard */,
				D4EAD9311F0CB1F40053C7CC /* Info.plist */,
			);
			path = FoodTracker;
			sourceTree = "<group>";
		};
		D4EAD9391F0CB1F40053C7CC /* FoodTrackerTests */ = {
			isa = PBXGroup;
			children = (
				D4EAD93A1F0CB1F40053C7CC /* FoodTrackerTests.swift */,
				D4EAD93C1F0CB1F40053C7CC /* Info.plist */,
			);
			path = FoodTrackerTests;
			sourceTree = "<group>";
		};
/* End PBXGroup section */

/* Begin PBXNativeTarget section */
		D4EAD9211F0CB1F40053C7CC /* FoodTracker */ = {
			isa = PBXNativeTarget;
			buildConfigurationList = D4EAD93F1F0CB1F40053C7CC /* Build configuration list for PBXNativeTarget "FoodTracker" */;
			buildPhases = (
				D4EAD91E1F0CB1F40053C7CC /* Sources */,
				D4EAD91F1F0CB1F40053C7CC /* Frameworks */,
				D4EAD9201F0CB1F40053C7CC /* Resources */,
			);
			buildRules = (
			);
			dependencies = (
			);
			name = FoodTracker;
			productName = FoodTracker;
			productReference = D4EAD9221F0CB1F40053C7CC /* FoodTracker.app */;
			productType = "com.apple.product-type.application";
		};
		D4EAD9351F0CB1F40053C7CC /* FoodTrackerTests */ = {
			isa = PBXNativeTarget;
			buildConfigurationList = D4EAD9421F0CB1F40053C7CC /* Build configuration list for PBXNativeTarget "FoodTrackerTests" */;
			buildPhases = (
				D4EAD9321F0CB1F40053C7CC /* Sources */,
				D4EAD9331F0CB1F40053C7CC /* Frameworks */,
				D4EAD9341F0CB1F40053C7CC /* Resources */,
			);
			buildRules = (
			);
			dependencies = (
				D4EAD9381F0CB1F40053C7CC /* PBXTargetDependency */,
			);
			name = FoodTrackerTests;
			productName = FoodTrackerTests;
			productReference = D4EAD9361F0CB1F40053C7CC /* FoodTrackerTests.xctest */;
			productType = "com.apple.product-type.bundle.unit-test";
		};
/* End PBXNativeTarget section */

/* Begin PBXProject section */
		D4EAD91A1F0CB1F40053C7CC /* Project object */ = {
			isa = PBXProject;
			attributes = {
				LastSwiftUpdateCheck = 0830;
				LastUpgradeCheck = 0830;
				ORGANIZATIONNAME = dadong;
				TargetAttributes = {
					D4EAD9211F0CB1F40053C7CC = {
						CreatedOnToolsVersion = 8.3.3;
						ProvisioningStyle = Automatic;
					};
					D4EAD9351F0CB1F40053C7CC = {
						CreatedOnToolsVersion = 8.3.3;
						ProvisioningStyle = Automatic;
						TestTargetID = D4EAD9211F0CB1F40053C7CC;
					};
				};
			};
			buildConfigurationList = D4EAD91D1F0CB1F40053C7CC /* Build configuration list for PBXProject "FoodTracker" */;
			compatibilityVersion = "Xcode 3.2";
			developmentRegion = English;
			hasScannedForEncodings = 0;
			knownRegions = (
				en,
				Base,
			);
			mainGroup = D4EAD9191F0CB1F40053C7CC;
			productRefGroup = D4EAD9231F0CB1F40053C7CC /* Products */;
			projectDirPath = "";
			projectRoot = "";
			targets = (
				D4EAD9211F0CB1F40053C7CC /* FoodTracker */,
				D4EAD9351F0CB1F40053C7CC /* FoodTrackerTests */,
			);
		};
/* End PBXProject section */

/* Begin PBXResourcesBuildPhase section */
		D4EAD9201F0CB1F40053C7CC /* Resources */ = {
			isa = PBXResourcesBuildPhase;
			buildActionMask = 2147483647;
			files = (
				D4EAD9301F0CB1F40053C7CC /* LaunchScreen.storyboard in Resources */,
				D4EAD92D1F0CB1F40053C7CC /* Assets.xcassets in Resources */,
				D4EAD92B1F0CB1F40053C7CC /* Main.storyboard in Resources */,
			);
			runOnlyForDeploymentPostprocessing = 0;
		};
		D4EAD9341F0CB1F40053C7CC /* Resources */ = {
			isa = PBXResourcesBuildPhase;
			buildActionMask = 2147483647;
			files = (
			);
			runOnlyForDeploymentPostprocessing = 0;
		};
/* End PBXResourcesBuildPhase section */

/* Begin PBXSourcesBuildPhase section */
		D4EAD91E1F0CB1F40053C7CC /* Sources */ = {
			isa = PBXSourcesBuildPhase;
			buildActionMask = 2147483647;
			files = (
				D4EAD9281F0CB1F40053C7CC /* ViewController.swift in Sources */,
				D4EAD9261F0CB1F40053C7CC /* AppDelegate.swift in Sources */,
			);
			runOnlyForDeploymentPostprocessing = 0;
		};
		D4EAD9321F0CB1F40053C7CC /* Sources */ = {
			isa = PBXSourcesBuildPhase;
			buildActionMask = 2147483647;
			files = (
				D4EAD93B1F0CB1F40053C7CC /* FoodTrackerTests.swift in Sources */,
			);
			runOnlyForDeploymentPostprocessing = 0;
		};
/* End PBXSourcesBuildPhase section */

/* Begin PBXTargetDependency section */
		D4EAD9381F0CB1F40053C7CC /* PBXTargetDependency */ = {
			isa = PBXTargetDependency;
			target = D4EAD9211F0CB1F40053C7CC /* FoodTracker */;
			targetProxy = D4EAD9371F0CB1F40053C7CC /* PBXContainerItemProxy */;
		};
/* End PBXTargetDependency section */

/* Begin PBXVariantGroup section */
		D4EAD9291F0CB1F40053C7CC /* Main.storyboard */ = {
			isa = PBXVariantGroup;
			children = (
				D4EAD92A1F0CB1F40053C7CC /* Base */,
			);
			name = Main.storyboard;
			sourceTree = "<group>";
		};
		D4EAD92E1F0CB1F40053C7CC /* LaunchScreen.storyboard */ = {
			isa = PBXVariantGroup;
			children = (
				D4EAD92F1F0CB1F40053C7CC /* Base */,
			);
			name = LaunchScreen.storyboard;
			sourceTree = "<group>";
		};
/* End PBXVariantGroup section */

/* Begin XCBuildConfiguration section */
		D4EAD93D1F0CB1F40053C7CC /* Debug */ = {
			isa = XCBuildConfiguration;
			buildSettings = {
				ALWAYS_SEARCH_USER_PATHS = NO;
				CLANG_ANALYZER_NONNULL = YES;
				CLANG_ANALYZER_NUMBER_OBJECT_CONVERSION = YES_AGGRESSIVE;
				CLANG_CXX_LANGUAGE_STANDARD = "gnu++0x";
				CLANG_CXX_LIBRARY = "libc++";
				CLANG_ENABLE_MODULES = YES;
				CLANG_ENABLE_OBJC_ARC = YES;
				CLANG_WARN_BOOL_CONVERSION = YES;
				CLANG_WARN_CONSTANT_CONVERSION = YES;
				CLANG_WARN_DIRECT_OBJC_ISA_USAGE = YES_ERROR;
				CLANG_WARN_DOCUMENTATION_COMMENTS = YES;
				CLANG_WARN_EMPTY_BODY = YES;
				CLANG_WARN_ENUM_CONVERSION = YES;
				CLANG_WARN_INFINITE_RECURSION = YES;
				CLANG_WARN_INT_CONVERSION = YES;
				CLANG_WARN_OBJC_ROOT_CLASS = YES_ERROR;
				CLANG_WARN_SUSPICIOUS_MOVE = YES;
				CLANG_WARN_UNREACHABLE_CODE = YES;
				CLANG_WARN__DUPLICATE_METHOD_MATCH = YES;
				"CODE_SIGN_IDENTITY[sdk=iphoneos*]" = "iPhone Developer";
				COPY_PHASE_STRIP = NO;
				DEBUG_INFORMATION_FORMAT = dwarf;
				ENABLE_STRICT_OBJC_MSGSEND = YES;
				ENABLE_TESTABILITY = YES;
				GCC_C_LANGUAGE_STANDARD = gnu99;
				GCC_DYNAMIC_NO_PIC = NO;
				GCC_NO_COMMON_BLOCKS = YES;
				GCC_OPTIMIZATION_LEVEL = 0;
				GCC_PREPROCESSOR_DEFINITIONS = (
					"DEBUG=1",
					"$(inherited)",
				);
				GCC_WARN_64_TO_32_BIT_CONVERSION = YES;
				GCC_WARN_ABOUT_RETURN_TYPE = YES_ERROR;
				GCC_WARN_UNDECLARED_SELECTOR = YES;
				GCC_WARN_UNINITIALIZED_AUTOS = YES_AGGRESSIVE;
				GCC_WARN_UNUSED_FUNCTION = YES;
				GCC_WARN_UNUSED_VARIABLE = YES;
				IPHONEOS_DEPLOYMENT_TARGET = 10.3;
				MTL_ENABLE_DEBUG_INFO = YES;
				ONLY_ACTIVE_ARCH = YES;
				SDKROOT = iphoneos;
				SWIFT_ACTIVE_COMPILATION_CONDITIONS = DEBUG;
				SWIFT_OPTIMIZATION_LEVEL = "-Onone";
				TARGETED_DEVICE_FAMILY = "1,2";
			};
			name = Debug;
		};
		D4EAD93E1F0CB1F40053C7CC /* Release */ = {
			isa = XCBuildConfiguration;
			buildSettings = {
				ALWAYS_SEARCH_USER_PATHS = NO;
				CLANG_ANALYZER_NONNULL = YES;
				CLANG_ANALYZER_NUMBER_OBJECT_CONVERSION = YES_AGGRESSIVE;
				CLANG_CXX_LANGUAGE_STANDARD = "gnu++0x";
				CLANG_CXX_LIBRARY = "libc++";
				CLANG_ENABLE_MODULES = YES;
				CLANG_ENABLE_OBJC_ARC = YES;
				CLANG_WARN_BOOL_CONVERSION = YES;
				CLANG_WARN_CONSTANT_CONVERSION = YES;
				CLANG_WARN_DIRECT_OBJC_ISA_USAGE = YES_ERROR;
				CLANG_WARN_DOCUMENTATION_COMMENTS = YES;
				CLANG_WARN_EMPTY_BODY = YES;
				CLANG_WARN_ENUM_CONVERSION = YES;
				CLANG_WARN_INFINITE_RECURSION = YES;
				CLANG_WARN_INT_CONVERSION = YES;
				CLANG_WARN_OBJC_ROOT_CLASS = YES_ERROR;
				CLANG_WARN_SUSPICIOUS_MOVE = YES;
				CLANG_WARN_UNREACHABLE_CODE = YES;
				CLANG_WARN__DUPLICATE_METHOD_MATCH = YES;
				"CODE_SIGN_IDENTITY[sdk=iphoneos*]" = "iPhone Developer";
				COPY_PHASE_STRIP = NO;
				DEBUG_INFORMATION_FORMAT = "dwarf-with-dsym";
				ENABLE_NS_ASSERTIONS = NO;
				ENABLE_STRICT_OBJC_MSGSEND = YES;
				GCC_C_LANGUAGE_STANDARD = gnu99;
				GCC_NO_COMMON_BLOCKS = YES;
				GCC_WARN_64_TO_32_BIT_CONVERSION = YES;
				GCC_WARN_ABOUT_RETURN_TYPE = YES_ERROR;
				GCC_WARN_UNDECLARED_SELECTOR = YES;
				GCC_WARN_UNINITIALIZED_AUTOS = YES_AGGRESSIVE;
				GCC_WARN_UNUSED_FUNCTION = YES;
				GCC_WARN_UNUSED_VARIABLE = YES;
				IPHONEOS_DEPLOYMENT_TARGET = 10.3;
				MTL_ENABLE_DEBUG_INFO = NO;
				SDKROOT = iphoneos;
				SWIFT_OPTIMIZATION_LEVEL = "-Owholemodule";
				TARGETED_DEVICE_FAMILY = "1,2";
				VALIDATE_PRODUCT = YES;
			};
			name = Release;
		};
		D4EAD9401F0CB1F40053C7CC /* Debug */ = {
			isa = XCBuildConfiguration;
			buildSettings = {
				ASSETCATALOG_COMPILER_APPICON_NAME = AppIcon;
				INFOPLIST_FILE = FoodTracker/Info.plist;
				LD_RUNPATH_SEARCH_PATHS = "$(inherited) @executable_path/Frameworks";
				PRODUCT_BUNDLE_IDENTIFIER = com.dadong.FoodTracker;
				PRODUCT_NAME = "$(TARGET_NAME)";
				SWIFT_VERSION = 3.0;
			};
			name = Debug;
		};
		D4EAD9411F0CB1F40053C7CC /* Release */ = {
			isa = XCBuildConfiguration;
			buildSettings = {
				ASSETCATALOG_COMPILER_APPICON_NAME = AppIcon;
				INFOPLIST_FILE = FoodTracker/Info.plist;
				LD_RUNPATH_SEARCH_PATHS = "$(inherited) @executable_path/Frameworks";
				PRODUCT_BUNDLE_IDENTIFIER = com.dadong.FoodTracker;
				PRODUCT_NAME = "$(TARGET_NAME)";
				SWIFT_VERSION = 3.0;
			};
			name = Release;
		};
		D4EAD9431F0CB1F40053C7CC /* Debug */ = {
			isa = XCBuildConfiguration;
			buildSettings = {
				ALWAYS_EMBED_SWIFT_STANDARD_LIBRARIES = YES;
				BUNDLE_LOADER = "$(TEST_HOST)";
				INFOPLIST_FILE = FoodTrackerTests/Info.plist;
				LD_RUNPATH_SEARCH_PATHS = "$(inherited) @executable_path/Frameworks @loader_path/Frameworks";
				PRODUCT_BUNDLE_IDENTIFIER = com.dadong.FoodTrackerTests;
				PRODUCT_NAME = "$(TARGET_NAME)";
				SWIFT_VERSION = 3.0;
				TEST_HOST = "$(BUILT_PRODUCTS_DIR)/FoodTracker.app/FoodTracker";
			};
			name = Debug;
		};
		D4EAD9441F0CB1F40053C7CC /* Release */ = {
			isa = XCBuildConfiguration;
			buildSettings = {
				ALWAYS_EMBED_SWIFT_STANDARD_LIBRARIES = YES;
				BUNDLE_LOADER = "$(TEST_HOST)";
				INFOPLIST_FILE = FoodTrackerTests/Info.plist;
				LD_RUNPATH_SEARCH_PATHS = "$(inherited) @executable_path/Frameworks @loader_path/Frameworks";
				PRODUCT_BUNDLE_IDENTIFIER = com.dadong.FoodTrackerTests;
				PRODUCT_NAME = "$(TARGET_NAME)";
				SWIFT_VERSION = 3.0;
				TEST_HOST = "$(BUILT_PRODUCTS_DIR)/FoodTracker.app/FoodTracker";
			};
			name = Release;
		};
/* End XCBuildConfiguration section */

/* Begin XCConfigurationList section */
		D4EAD91D1F0CB1F40053C7CC /* Build configuration list for PBXProject "FoodTracker" */ = {
			isa = XCConfigurationList;
			buildConfigurations = (
				D4EAD93D1F0CB1F40053C7CC /* Debug */,
				D4EAD93E1F0CB1F40053C7CC /* Release */,
			);
			defaultConfigurationIsVisible = 0;
			defaultConfigurationName = Release;
		};
		D4EAD93F1F0CB1F40053C7CC /* Build configuration list for PBXNativeTarget "FoodTracker" */ = {
			isa = XCConfigurationList;
			buildConfigurations = (
				D4EAD9401F0CB1F40053C7CC /* Debug */,
				D4EAD9411F0CB1F40053C7CC /* Release */,
			);
			defaultConfigurationIsVisible = 0;
		};
		D4EAD9421F0CB1F40053C7CC /* Build configuration list for PBXNativeTarget "FoodTrackerTests" */ = {
			isa = XCConfigurationList;
			buildConfigurations = (
				D4EAD9431F0CB1F40053C7CC /* Debug */,
				D4EAD9441F0CB1F40053C7CC /* Release */,
			);
			defaultConfigurationIsVisible = 0;
		};
/* End XCConfigurationList section */
	};
	rootObject = D4EAD91A1F0CB1F40053C7CC /* Project object */;
}
