// !$*UTF8*$!
{
	archiveVersion = 1;
	classes = {
	};
	objectVersion = 46;
	objects = {

/* Begin PBXBuildFile section */
		D424D8531F2707CD00513FCB /* AppDelegate.swift in Sources */ = {isa = PBXBuildFile; fileRef = D424D8521F2707CD00513FCB /* AppDelegate.swift */; };
		D424D8551F2707CD00513FCB /* ViewController.swift in Sources */ = {isa = PBXBuildFile; fileRef = D424D8541F2707CD00513FCB /* ViewController.swift */; };
		D424D8581F2707CD00513FCB /* Main.storyboard in Resources */ = {isa = PBXBuildFile; fileRef = D424D8561F2707CD00513FCB /* Main.storyboard */; };
		D424D85A1F2707CD00513FCB /* Assets.xcassets in Resources */ = {isa = PBXBuildFile; fileRef = D424D8591F2707CD00513FCB /* Assets.xcassets */; };
		D424D85D1F2707CD00513FCB /* LaunchScreen.storyboard in Resources */ = {isa = PBXBuildFile; fileRef = D424D85B1F2707CD00513FCB /* LaunchScreen.storyboard */; };
		D424D8651F27082E00513FCB /* Line.swift in Sources */ = {isa = PBXBuildFile; fileRef = D424D8641F27082E00513FCB /* Line.swift */; };
		D424D86A1F27098B00513FCB /* DrawView.swift in Sources */ = {isa = PBXBuildFile; fileRef = D424D8691F27098B00513FCB /* DrawView.swift */; };
/* End PBXBuildFile section */

/* Begin PBXFileReference section */
		D424D84F1F2707CD00513FCB /* TouchTracker.app */ = {isa = PBXFileReference; explicitFileType = wrapper.application; includeInIndex = 0; path = TouchTracker.app; sourceTree = BUILT_PRODUCTS_DIR; };
		D424D8521F2707CD00513FCB /* AppDelegate.swift */ = {isa = PBXFileReference; lastKnownFileType = sourcecode.swift; path = AppDelegate.swift; sourceTree = "<group>"; };
		D424D8541F2707CD00513FCB /* ViewController.swift */ = {isa = PBXFileReference; lastKnownFileType = sourcecode.swift; path = ViewController.swift; sourceTree = "<group>"; };
		D424D8571F2707CD00513FCB /* Base */ = {isa = PBXFileReference; lastKnownFileType = file.storyboard; name = Base; path = Base.lproj/Main.storyboard; sourceTree = "<group>"; };
		D424D8591F2707CD00513FCB /* Assets.xcassets */ = {isa = PBXFileReference; lastKnownFileType = folder.assetcatalog; path = Assets.xcassets; sourceTree = "<group>"; };
		D424D85C1F2707CD00513FCB /* Base */ = {isa = PBXFileReference; lastKnownFileType = file.storyboard; name = Base; path = Base.lproj/LaunchScreen.storyboard; sourceTree = "<group>"; };
		D424D85E1F2707CD00513FCB /* Info.plist */ = {isa = PBXFileReference; lastKnownFileType = text.plist.xml; path = Info.plist; sourceTree = "<group>"; };
		D424D8641F27082E00513FCB /* Line.swift */ = {isa = PBXFileReference; fileEncoding = 4; lastKnownFileType = sourcecode.swift; name = Line.swift; path = ../Line.swift; sourceTree = "<group>"; };
		D424D8691F27098B00513FCB /* DrawView.swift */ = {isa = PBXFileReference; fileEncoding = 4; lastKnownFileType = sourcecode.swift; name = DrawView.swift; path = ../DrawView.swift; sourceTree = "<group>"; };
/* End PBXFileReference section */

/* Begin PBXFrameworksBuildPhase section */
		D424D84C1F2707CD00513FCB /* Frameworks */ = {
			isa = PBXFrameworksBuildPhase;
			buildActionMask = 2147483647;
			files = (
			);
			runOnlyForDeploymentPostprocessing = 0;
		};
/* End PBXFrameworksBuildPhase section */

/* Begin PBXGroup section */
		D424D8461F2707CD00513FCB = {
			isa = PBXGroup;
			children = (
				D424D8511F2707CD00513FCB /* TouchTracker */,
				D424D8501F2707CD00513FCB /* Products */,
			);
			sourceTree = "<group>";
		};
		D424D8501F2707CD00513FCB /* Products */ = {
			isa = PBXGroup;
			children = (
				D424D84F1F2707CD00513FCB /* TouchTracker.app */,
			);
			name = Products;
			sourceTree = "<group>";
		};
		D424D8511F2707CD00513FCB /* TouchTracker */ = {
			isa = PBXGroup;
			children = (
				D424D8681F27084B00513FCB /* Controller */,
				D424D8671F27084500513FCB /* View */,
				D424D8661F27083C00513FCB /* Model */,
				D424D8521F2707CD00513FCB /* AppDelegate.swift */,
				D424D8541F2707CD00513FCB /* ViewController.swift */,
				D424D8561F2707CD00513FCB /* Main.storyboard */,
				D424D8591F2707CD00513FCB /* Assets.xcassets */,
				D424D85B1F2707CD00513FCB /* LaunchScreen.storyboard */,
				D424D85E1F2707CD00513FCB /* Info.plist */,
			);
			path = TouchTracker;
			sourceTree = "<group>";
		};
		D424D8661F27083C00513FCB /* Model */ = {
			isa = PBXGroup;
			children = (
				D424D8641F27082E00513FCB /* Line.swift */,
			);
			name = Model;
			sourceTree = "<group>";
		};
		D424D8671F27084500513FCB /* View */ = {
			isa = PBXGroup;
			children = (
				D424D8691F27098B00513FCB /* DrawView.swift */,
			);
			name = View;
			sourceTree = "<group>";
		};
		D424D8681F27084B00513FCB /* Controller */ = {
			isa = PBXGroup;
			children = (
			);
			name = Controller;
			sourceTree = "<group>";
		};
/* End PBXGroup section */

/* Begin PBXNativeTarget section */
		D424D84E1F2707CD00513FCB /* TouchTracker */ = {
			isa = PBXNativeTarget;
			buildConfigurationList = D424D8611F2707CD00513FCB /* Build configuration list for PBXNativeTarget "TouchTracker" */;
			buildPhases = (
				D424D84B1F2707CD00513FCB /* Sources */,
				D424D84C1F2707CD00513FCB /* Frameworks */,
				D424D84D1F2707CD00513FCB /* Resources */,
			);
			buildRules = (
			);
			dependencies = (
			);
			name = TouchTracker;
			productName = TouchTracker;
			productReference = D424D84F1F2707CD00513FCB /* TouchTracker.app */;
			productType = "com.apple.product-type.application";
		};
/* End PBXNativeTarget section */

/* Begin PBXProject section */
		D424D8471F2707CD00513FCB /* Project object */ = {
			isa = PBXProject;
			attributes = {
				LastSwiftUpdateCheck = 0830;
				LastUpgradeCheck = 0830;
				ORGANIZATIONNAME = dadong;
				TargetAttributes = {
					D424D84E1F2707CD00513FCB = {
						CreatedOnToolsVersion = 8.3.3;
						ProvisioningStyle = Automatic;
					};
				};
			};
			buildConfigurationList = D424D84A1F2707CD00513FCB /* Build configuration list for PBXProject "TouchTracker" */;
			compatibilityVersion = "Xcode 3.2";
			developmentRegion = English;
			hasScannedForEncodings = 0;
			knownRegions = (
				en,
				Base,
			);
			mainGroup = D424D8461F2707CD00513FCB;
			productRefGroup = D424D8501F2707CD00513FCB /* Products */;
			projectDirPath = "";
			projectRoot = "";
			targets = (
				D424D84E1F2707CD00513FCB /* TouchTracker */,
			);
		};
/* End PBXProject section */

/* Begin PBXResourcesBuildPhase section */
		D424D84D1F2707CD00513FCB /* Resources */ = {
			isa = PBXResourcesBuildPhase;
			buildActionMask = 2147483647;
			files = (
				D424D85D1F2707CD00513FCB /* LaunchScreen.storyboard in Resources */,
				D424D85A1F2707CD00513FCB /* Assets.xcassets in Resources */,
				D424D8581F2707CD00513FCB /* Main.storyboard in Resources */,
			);
			runOnlyForDeploymentPostprocessing = 0;
		};
/* End PBXResourcesBuildPhase section */

/* Begin PBXSourcesBuildPhase section */
		D424D84B1F2707CD00513FCB /* Sources */ = {
			isa = PBXSourcesBuildPhase;
			buildActionMask = 2147483647;
			files = (
				D424D8651F27082E00513FCB /* Line.swift in Sources */,
				D424D8551F2707CD00513FCB /* ViewController.swift in Sources */,
				D424D86A1F27098B00513FCB /* DrawView.swift in Sources */,
				D424D8531F2707CD00513FCB /* AppDelegate.swift in Sources */,
			);
			runOnlyForDeploymentPostprocessing = 0;
		};
/* End PBXSourcesBuildPhase section */

/* Begin PBXVariantGroup section */
		D424D8561F2707CD00513FCB /* Main.storyboard */ = {
			isa = PBXVariantGroup;
			children = (
				D424D8571F2707CD00513FCB /* Base */,
			);
			name = Main.storyboard;
			sourceTree = "<group>";
		};
		D424D85B1F2707CD00513FCB /* LaunchScreen.storyboard */ = {
			isa = PBXVariantGroup;
			children = (
				D424D85C1F2707CD00513FCB /* Base */,
			);
			name = LaunchScreen.storyboard;
			sourceTree = "<group>";
		};
/* End PBXVariantGroup section */

/* Begin XCBuildConfiguration section */
		D424D85F1F2707CD00513FCB /* Debug */ = {
			isa = XCBuildConfiguration;
			buildSettings = {
				ALWAYS_SEARCH_USER_PATHS = NO;
				CLANG_ANALYZER_NONNULL = YES;
				CLANG_ANALYZER_NUMBER_OBJECT_CONVERSION = YES_AGGRESSIVE;
				CLANG_CXX_LANGUAGE_STANDARD = "gnu++0x";
				CLANG_CXX_LIBRARY = "libc++";
				CLANG_ENABLE_MODULES = YES;
				CLANG_ENABLE_OBJC_ARC = YES;
				CLANG_WARN_BOOL_CONVERSION = YES;
				CLANG_WARN_CONSTANT_CONVERSION = YES;
				CLANG_WARN_DIRECT_OBJC_ISA_USAGE = YES_ERROR;
				CLANG_WARN_DOCUMENTATION_COMMENTS = YES;
				CLANG_WARN_EMPTY_BODY = YES;
				CLANG_WARN_ENUM_CONVERSION = YES;
				CLANG_WARN_INFINITE_RECURSION = YES;
				CLANG_WARN_INT_CONVERSION = YES;
				CLANG_WARN_OBJC_ROOT_CLASS = YES_ERROR;
				CLANG_WARN_SUSPICIOUS_MOVE = YES;
				CLANG_WARN_UNREACHABLE_CODE = YES;
				CLANG_WARN__DUPLICATE_METHOD_MATCH = YES;
				"CODE_SIGN_IDENTITY[sdk=iphoneos*]" = "iPhone Developer";
				COPY_PHASE_STRIP = NO;
				DEBUG_INFORMATION_FORMAT = dwarf;
				ENABLE_STRICT_OBJC_MSGSEND = YES;
				ENABLE_TESTABILITY = YES;
				GCC_C_LANGUAGE_STANDARD = gnu99;
				GCC_DYNAMIC_NO_PIC = NO;
				GCC_NO_COMMON_BLOCKS = YES;
				GCC_OPTIMIZATION_LEVEL = 0;
				GCC_PREPROCESSOR_DEFINITIONS = (
					"DEBUG=1",
					"$(inherited)",
				);
				GCC_WARN_64_TO_32_BIT_CONVERSION = YES;
				GCC_WARN_ABOUT_RETURN_TYPE = YES_ERROR;
				GCC_WARN_UNDECLARED_SELECTOR = YES;
				GCC_WARN_UNINITIALIZED_AUTOS = YES_AGGRESSIVE;
				GCC_WARN_UNUSED_FUNCTION = YES;
				GCC_WARN_UNUSED_VARIABLE = YES;
				IPHONEOS_DEPLOYMENT_TARGET = 10.3;
				MTL_ENABLE_DEBUG_INFO = YES;
				ONLY_ACTIVE_ARCH = YES;
				SDKROOT = iphoneos;
				SWIFT_ACTIVE_COMPILATION_CONDITIONS = DEBUG;
				SWIFT_OPTIMIZATION_LEVEL = "-Onone";
			};
			name = Debug;
		};
		D424D8601F2707CD00513FCB /* Release */ = {
			isa = XCBuildConfiguration;
			buildSettings = {
				ALWAYS_SEARCH_USER_PATHS = NO;
				CLANG_ANALYZER_NONNULL = YES;
				CLANG_ANALYZER_NUMBER_OBJECT_CONVERSION = YES_AGGRESSIVE;
				CLANG_CXX_LANGUAGE_STANDARD = "gnu++0x";
				CLANG_CXX_LIBRARY = "libc++";
				CLANG_ENABLE_MODULES = YES;
				CLANG_ENABLE_OBJC_ARC = YES;
				CLANG_WARN_BOOL_CONVERSION = YES;
				CLANG_WARN_CONSTANT_CONVERSION = YES;
				CLANG_WARN_DIRECT_OBJC_ISA_USAGE = YES_ERROR;
				CLANG_WARN_DOCUMENTATION_COMMENTS = YES;
				CLANG_WARN_EMPTY_BODY = YES;
				CLANG_WARN_ENUM_CONVERSION = YES;
				CLANG_WARN_INFINITE_RECURSION = YES;
				CLANG_WARN_INT_CONVERSION = YES;
				CLANG_WARN_OBJC_ROOT_CLASS = YES_ERROR;
				CLANG_WARN_SUSPICIOUS_MOVE = YES;
				CLANG_WARN_UNREACHABLE_CODE = YES;
				CLANG_WARN__DUPLICATE_METHOD_MATCH = YES;
				"CODE_SIGN_IDENTITY[sdk=iphoneos*]" = "iPhone Developer";
				COPY_PHASE_STRIP = NO;
				DEBUG_INFORMATION_FORMAT = "dwarf-with-dsym";
				ENABLE_NS_ASSERTIONS = NO;
				ENABLE_STRICT_OBJC_MSGSEND = YES;
				GCC_C_LANGUAGE_STANDARD = gnu99;
				GCC_NO_COMMON_BLOCKS = YES;
				GCC_WARN_64_TO_32_BIT_CONVERSION = YES;
				GCC_WARN_ABOUT_RETURN_TYPE = YES_ERROR;
				GCC_WARN_UNDECLARED_SELECTOR = YES;
				GCC_WARN_UNINITIALIZED_AUTOS = YES_AGGRESSIVE;
				GCC_WARN_UNUSED_FUNCTION = YES;
				GCC_WARN_UNUSED_VARIABLE = YES;
				IPHONEOS_DEPLOYMENT_TARGET = 10.3;
				MTL_ENABLE_DEBUG_INFO = NO;
				SDKROOT = iphoneos;
				SWIFT_OPTIMIZATION_LEVEL = "-Owholemodule";
				VALIDATE_PRODUCT = YES;
			};
			name = Release;
		};
		D424D8621F2707CD00513FCB /* Debug */ = {
			isa = XCBuildConfiguration;
			buildSettings = {
				ASSETCATALOG_COMPILER_APPICON_NAME = AppIcon;
				INFOPLIST_FILE = TouchTracker/Info.plist;
				LD_RUNPATH_SEARCH_PATHS = "$(inherited) @executable_path/Frameworks";
				PRODUCT_BUNDLE_IDENTIFIER = com.dadong.TouchTracker;
				PRODUCT_NAME = "$(TARGET_NAME)";
				SWIFT_VERSION = 3.0;
			};
			name = Debug;
		};
		D424D8631F2707CD00513FCB /* Release */ = {
			isa = XCBuildConfiguration;
			buildSettings = {
				ASSETCATALOG_COMPILER_APPICON_NAME = AppIcon;
				INFOPLIST_FILE = TouchTracker/Info.plist;
				LD_RUNPATH_SEARCH_PATHS = "$(inherited) @executable_path/Frameworks";
				PRODUCT_BUNDLE_IDENTIFIER = com.dadong.TouchTracker;
				PRODUCT_NAME = "$(TARGET_NAME)";
				SWIFT_VERSION = 3.0;
			};
			name = Release;
		};
/* End XCBuildConfiguration section */

/* Begin XCConfigurationList section */
		D424D84A1F2707CD00513FCB /* Build configuration list for PBXProject "TouchTracker" */ = {
			isa = XCConfigurationList;
			buildConfigurations = (
				D424D85F1F2707CD00513FCB /* Debug */,
				D424D8601F2707CD00513FCB /* Release */,
			);
			defaultConfigurationIsVisible = 0;
			defaultConfigurationName = Release;
		};
		D424D8611F2707CD00513FCB /* Build configuration list for PBXNativeTarget "TouchTracker" */ = {
			isa = XCConfigurationList;
			buildConfigurations = (
				D424D8621F2707CD00513FCB /* Debug */,
				D424D8631F2707CD00513FCB /* Release */,
			);
			defaultConfigurationIsVisible = 0;
		};
/* End XCConfigurationList section */
	};
	rootObject = D424D8471F2707CD00513FCB /* Project object */;
}
