// !$*UTF8*$!
{
	archiveVersion = 1;
	classes = {
	};
	objectVersion = 46;
	objects = {

/* Begin PBXBuildFile section */
		D4D445321F1F77AA00C48171 /* AppDelegate.swift in Sources */ = {isa = PBXBuildFile; fileRef = D4D445311F1F77AA00C48171 /* AppDelegate.swift */; };
		D4D445371F1F77AA00C48171 /* Main.storyboard in Resources */ = {isa = PBXBuildFile; fileRef = D4D445351F1F77AA00C48171 /* Main.storyboard */; };
		D4D445391F1F77AA00C48171 /* Assets.xcassets in Resources */ = {isa = PBXBuildFile; fileRef = D4D445381F1F77AA00C48171 /* Assets.xcassets */; };
		D4D4453C1F1F77AA00C48171 /* LaunchScreen.storyboard in Resources */ = {isa = PBXBuildFile; fileRef = D4D4453A1F1F77AA00C48171 /* LaunchScreen.storyboard */; };
		D4D445471F1F784E00C48171 /* ContactTableViewController.swift in Sources */ = {isa = PBXBuildFile; fileRef = D4D445461F1F784E00C48171 /* ContactTableViewController.swift */; };
		D4D445491F1F78B600C48171 /* Contact.swift in Sources */ = {isa = PBXBuildFile; fileRef = D4D445481F1F78B600C48171 /* Contact.swift */; };
/* End PBXBuildFile section */

/* Begin PBXFileReference section */
		D4D4452E1F1F77AA00C48171 /* Contact_practice.app */ = {isa = PBXFileReference; explicitFileType = wrapper.application; includeInIndex = 0; path = Contact_practice.app; sourceTree = BUILT_PRODUCTS_DIR; };
		D4D445311F1F77AA00C48171 /* AppDelegate.swift */ = {isa = PBXFileReference; lastKnownFileType = sourcecode.swift; path = AppDelegate.swift; sourceTree = "<group>"; };
		D4D445361F1F77AA00C48171 /* Base */ = {isa = PBXFileReference; lastKnownFileType = file.storyboard; name = Base; path = Base.lproj/Main.storyboard; sourceTree = "<group>"; };
		D4D445381F1F77AA00C48171 /* Assets.xcassets */ = {isa = PBXFileReference; lastKnownFileType = folder.assetcatalog; path = Assets.xcassets; sourceTree = "<group>"; };
		D4D4453B1F1F77AA00C48171 /* Base */ = {isa = PBXFileReference; lastKnownFileType = file.storyboard; name = Base; path = Base.lproj/LaunchScreen.storyboard; sourceTree = "<group>"; };
		D4D4453D1F1F77AA00C48171 /* Info.plist */ = {isa = PBXFileReference; lastKnownFileType = text.plist.xml; path = Info.plist; sourceTree = "<group>"; };
		D4D445461F1F784E00C48171 /* ContactTableViewController.swift */ = {isa = PBXFileReference; fileEncoding = 4; lastKnownFileType = sourcecode.swift; path = ContactTableViewController.swift; sourceTree = "<group>"; };
		D4D445481F1F78B600C48171 /* Contact.swift */ = {isa = PBXFileReference; fileEncoding = 4; lastKnownFileType = sourcecode.swift; path = Contact.swift; sourceTree = "<group>"; };
/* End PBXFileReference section */

/* Begin PBXFrameworksBuildPhase section */
		D4D4452B1F1F77AA00C48171 /* Frameworks */ = {
			isa = PBXFrameworksBuildPhase;
			buildActionMask = 2147483647;
			files = (
			);
			runOnlyForDeploymentPostprocessing = 0;
		};
/* End PBXFrameworksBuildPhase section */

/* Begin PBXGroup section */
		D4D445251F1F77AA00C48171 = {
			isa = PBXGroup;
			children = (
				D4D445301F1F77AA00C48171 /* Contact_practice */,
				D4D4452F1F1F77AA00C48171 /* Products */,
			);
			sourceTree = "<group>";
		};
		D4D4452F1F1F77AA00C48171 /* Products */ = {
			isa = PBXGroup;
			children = (
				D4D4452E1F1F77AA00C48171 /* Contact_practice.app */,
			);
			name = Products;
			sourceTree = "<group>";
		};
		D4D445301F1F77AA00C48171 /* Contact_practice */ = {
			isa = PBXGroup;
			children = (
				D4D445451F1F77D200C48171 /* Model */,
				D4D445441F1F77CB00C48171 /* Controller */,
				D4D445431F1F77BF00C48171 /* View */,
				D4D445311F1F77AA00C48171 /* AppDelegate.swift */,
				D4D445351F1F77AA00C48171 /* Main.storyboard */,
				D4D445381F1F77AA00C48171 /* Assets.xcassets */,
				D4D4453A1F1F77AA00C48171 /* LaunchScreen.storyboard */,
				D4D4453D1F1F77AA00C48171 /* Info.plist */,
			);
			path = Contact_practice;
			sourceTree = "<group>";
		};
		D4D445431F1F77BF00C48171 /* View */ = {
			isa = PBXGroup;
			children = (
			);
			name = View;
			sourceTree = "<group>";
		};
		D4D445441F1F77CB00C48171 /* Controller */ = {
			isa = PBXGroup;
			children = (
				D4D445461F1F784E00C48171 /* ContactTableViewController.swift */,
			);
			name = Controller;
			sourceTree = "<group>";
		};
		D4D445451F1F77D200C48171 /* Model */ = {
			isa = PBXGroup;
			children = (
				D4D445481F1F78B600C48171 /* Contact.swift */,
			);
			name = Model;
			sourceTree = "<group>";
		};
/* End PBXGroup section */

/* Begin PBXNativeTarget section */
		D4D4452D1F1F77AA00C48171 /* Contact_practice */ = {
			isa = PBXNativeTarget;
			buildConfigurationList = D4D445401F1F77AA00C48171 /* Build configuration list for PBXNativeTarget "Contact_practice" */;
			buildPhases = (
				D4D4452A1F1F77AA00C48171 /* Sources */,
				D4D4452B1F1F77AA00C48171 /* Frameworks */,
				D4D4452C1F1F77AA00C48171 /* Resources */,
			);
			buildRules = (
			);
			dependencies = (
			);
			name = Contact_practice;
			productName = Contact_practice;
			productReference = D4D4452E1F1F77AA00C48171 /* Contact_practice.app */;
			productType = "com.apple.product-type.application";
		};
/* End PBXNativeTarget section */

/* Begin PBXProject section */
		D4D445261F1F77AA00C48171 /* Project object */ = {
			isa = PBXProject;
			attributes = {
				LastSwiftUpdateCheck = 0830;
				LastUpgradeCheck = 0830;
				ORGANIZATIONNAME = dadong;
				TargetAttributes = {
					D4D4452D1F1F77AA00C48171 = {
						CreatedOnToolsVersion = 8.3.3;
						ProvisioningStyle = Automatic;
					};
				};
			};
			buildConfigurationList = D4D445291F1F77AA00C48171 /* Build configuration list for PBXProject "Contact_practice" */;
			compatibilityVersion = "Xcode 3.2";
			developmentRegion = English;
			hasScannedForEncodings = 0;
			knownRegions = (
				en,
				Base,
			);
			mainGroup = D4D445251F1F77AA00C48171;
			productRefGroup = D4D4452F1F1F77AA00C48171 /* Products */;
			projectDirPath = "";
			projectRoot = "";
			targets = (
				D4D4452D1F1F77AA00C48171 /* Contact_practice */,
			);
		};
/* End PBXProject section */

/* Begin PBXResourcesBuildPhase section */
		D4D4452C1F1F77AA00C48171 /* Resources */ = {
			isa = PBXResourcesBuildPhase;
			buildActionMask = 2147483647;
			files = (
				D4D4453C1F1F77AA00C48171 /* LaunchScreen.storyboard in Resources */,
				D4D445391F1F77AA00C48171 /* Assets.xcassets in Resources */,
				D4D445371F1F77AA00C48171 /* Main.storyboard in Resources */,
			);
			runOnlyForDeploymentPostprocessing = 0;
		};
/* End PBXResourcesBuildPhase section */

/* Begin PBXSourcesBuildPhase section */
		D4D4452A1F1F77AA00C48171 /* Sources */ = {
			isa = PBXSourcesBuildPhase;
			buildActionMask = 2147483647;
			files = (
				D4D445491F1F78B600C48171 /* Contact.swift in Sources */,
				D4D445471F1F784E00C48171 /* ContactTableViewController.swift in Sources */,
				D4D445321F1F77AA00C48171 /* AppDelegate.swift in Sources */,
			);
			runOnlyForDeploymentPostprocessing = 0;
		};
/* End PBXSourcesBuildPhase section */

/* Begin PBXVariantGroup section */
		D4D445351F1F77AA00C48171 /* Main.storyboard */ = {
			isa = PBXVariantGroup;
			children = (
				D4D445361F1F77AA00C48171 /* Base */,
			);
			name = Main.storyboard;
			sourceTree = "<group>";
		};
		D4D4453A1F1F77AA00C48171 /* LaunchScreen.storyboard */ = {
			isa = PBXVariantGroup;
			children = (
				D4D4453B1F1F77AA00C48171 /* Base */,
			);
			name = LaunchScreen.storyboard;
			sourceTree = "<group>";
		};
/* End PBXVariantGroup section */

/* Begin XCBuildConfiguration section */
		D4D4453E1F1F77AA00C48171 /* Debug */ = {
			isa = XCBuildConfiguration;
			buildSettings = {
				ALWAYS_SEARCH_USER_PATHS = NO;
				CLANG_ANALYZER_NONNULL = YES;
				CLANG_ANALYZER_NUMBER_OBJECT_CONVERSION = YES_AGGRESSIVE;
				CLANG_CXX_LANGUAGE_STANDARD = "gnu++0x";
				CLANG_CXX_LIBRARY = "libc++";
				CLANG_ENABLE_MODULES = YES;
				CLANG_ENABLE_OBJC_ARC = YES;
				CLANG_WARN_BOOL_CONVERSION = YES;
				CLANG_WARN_CONSTANT_CONVERSION = YES;
				CLANG_WARN_DIRECT_OBJC_ISA_USAGE = YES_ERROR;
				CLANG_WARN_DOCUMENTATION_COMMENTS = YES;
				CLANG_WARN_EMPTY_BODY = YES;
				CLANG_WARN_ENUM_CONVERSION = YES;
				CLANG_WARN_INFINITE_RECURSION = YES;
				CLANG_WARN_INT_CONVERSION = YES;
				CLANG_WARN_OBJC_ROOT_CLASS = YES_ERROR;
				CLANG_WARN_SUSPICIOUS_MOVE = YES;
				CLANG_WARN_UNREACHABLE_CODE = YES;
				CLANG_WARN__DUPLICATE_METHOD_MATCH = YES;
				"CODE_SIGN_IDENTITY[sdk=iphoneos*]" = "iPhone Developer";
				COPY_PHASE_STRIP = NO;
				DEBUG_INFORMATION_FORMAT = dwarf;
				ENABLE_STRICT_OBJC_MSGSEND = YES;
				ENABLE_TESTABILITY = YES;
				GCC_C_LANGUAGE_STANDARD = gnu99;
				GCC_DYNAMIC_NO_PIC = NO;
				GCC_NO_COMMON_BLOCKS = YES;
				GCC_OPTIMIZATION_LEVEL = 0;
				GCC_PREPROCESSOR_DEFINITIONS = (
					"DEBUG=1",
					"$(inherited)",
				);
				GCC_WARN_64_TO_32_BIT_CONVERSION = YES;
				GCC_WARN_ABOUT_RETURN_TYPE = YES_ERROR;
				GCC_WARN_UNDECLARED_SELECTOR = YES;
				GCC_WARN_UNINITIALIZED_AUTOS = YES_AGGRESSIVE;
				GCC_WARN_UNUSED_FUNCTION = YES;
				GCC_WARN_UNUSED_VARIABLE = YES;
				IPHONEOS_DEPLOYMENT_TARGET = 10.3;
				MTL_ENABLE_DEBUG_INFO = YES;
				ONLY_ACTIVE_ARCH = YES;
				SDKROOT = iphoneos;
				SWIFT_ACTIVE_COMPILATION_CONDITIONS = DEBUG;
				SWIFT_OPTIMIZATION_LEVEL = "-Onone";
			};
			name = Debug;
		};
		D4D4453F1F1F77AA00C48171 /* Release */ = {
			isa = XCBuildConfiguration;
			buildSettings = {
				ALWAYS_SEARCH_USER_PATHS = NO;
				CLANG_ANALYZER_NONNULL = YES;
				CLANG_ANALYZER_NUMBER_OBJECT_CONVERSION = YES_AGGRESSIVE;
				CLANG_CXX_LANGUAGE_STANDARD = "gnu++0x";
				CLANG_CXX_LIBRARY = "libc++";
				CLANG_ENABLE_MODULES = YES;
				CLANG_ENABLE_OBJC_ARC = YES;
				CLANG_WARN_BOOL_CONVERSION = YES;
				CLANG_WARN_CONSTANT_CONVERSION = YES;
				CLANG_WARN_DIRECT_OBJC_ISA_USAGE = YES_ERROR;
				CLANG_WARN_DOCUMENTATION_COMMENTS = YES;
				CLANG_WARN_EMPTY_BODY = YES;
				CLANG_WARN_ENUM_CONVERSION = YES;
				CLANG_WARN_INFINITE_RECURSION = YES;
				CLANG_WARN_INT_CONVERSION = YES;
				CLANG_WARN_OBJC_ROOT_CLASS = YES_ERROR;
				CLANG_WARN_SUSPICIOUS_MOVE = YES;
				CLANG_WARN_UNREACHABLE_CODE = YES;
				CLANG_WARN__DUPLICATE_METHOD_MATCH = YES;
				"CODE_SIGN_IDENTITY[sdk=iphoneos*]" = "iPhone Developer";
				COPY_PHASE_STRIP = NO;
				DEBUG_INFORMATION_FORMAT = "dwarf-with-dsym";
				ENABLE_NS_ASSERTIONS = NO;
				ENABLE_STRICT_OBJC_MSGSEND = YES;
				GCC_C_LANGUAGE_STANDARD = gnu99;
				GCC_NO_COMMON_BLOCKS = YES;
				GCC_WARN_64_TO_32_BIT_CONVERSION = YES;
				GCC_WARN_ABOUT_RETURN_TYPE = YES_ERROR;
				GCC_WARN_UNDECLARED_SELECTOR = YES;
				GCC_WARN_UNINITIALIZED_AUTOS = YES_AGGRESSIVE;
				GCC_WARN_UNUSED_FUNCTION = YES;
				GCC_WARN_UNUSED_VARIABLE = YES;
				IPHONEOS_DEPLOYMENT_TARGET = 10.3;
				MTL_ENABLE_DEBUG_INFO = NO;
				SDKROOT = iphoneos;
				SWIFT_OPTIMIZATION_LEVEL = "-Owholemodule";
				VALIDATE_PRODUCT = YES;
			};
			name = Release;
		};
		D4D445411F1F77AA00C48171 /* Debug */ = {
			isa = XCBuildConfiguration;
			buildSettings = {
				ASSETCATALOG_COMPILER_APPICON_NAME = AppIcon;
				INFOPLIST_FILE = Contact_practice/Info.plist;
				LD_RUNPATH_SEARCH_PATHS = "$(inherited) @executable_path/Frameworks";
				PRODUCT_BUNDLE_IDENTIFIER = "com.dadong.Contact-practice";
				PRODUCT_NAME = "$(TARGET_NAME)";
				SWIFT_VERSION = 3.0;
			};
			name = Debug;
		};
		D4D445421F1F77AA00C48171 /* Release */ = {
			isa = XCBuildConfiguration;
			buildSettings = {
				ASSETCATALOG_COMPILER_APPICON_NAME = AppIcon;
				INFOPLIST_FILE = Contact_practice/Info.plist;
				LD_RUNPATH_SEARCH_PATHS = "$(inherited) @executable_path/Frameworks";
				PRODUCT_BUNDLE_IDENTIFIER = "com.dadong.Contact-practice";
				PRODUCT_NAME = "$(TARGET_NAME)";
				SWIFT_VERSION = 3.0;
			};
			name = Release;
		};
/* End XCBuildConfiguration section */

/* Begin XCConfigurationList section */
		D4D445291F1F77AA00C48171 /* Build configuration list for PBXProject "Contact_practice" */ = {
			isa = XCConfigurationList;
			buildConfigurations = (
				D4D4453E1F1F77AA00C48171 /* Debug */,
				D4D4453F1F1F77AA00C48171 /* Release */,
			);
			defaultConfigurationIsVisible = 0;
			defaultConfigurationName = Release;
		};
		D4D445401F1F77AA00C48171 /* Build configuration list for PBXNativeTarget "Contact_practice" */ = {
			isa = XCConfigurationList;
			buildConfigurations = (
				D4D445411F1F77AA00C48171 /* Debug */,
				D4D445421F1F77AA00C48171 /* Release */,
			);
			defaultConfigurationIsVisible = 0;
		};
/* End XCConfigurationList section */
	};
	rootObject = D4D445261F1F77AA00C48171 /* Project object */;
}
