// !$*UTF8*$!
{
	archiveVersion = 1;
	classes = {
	};
	objectVersion = 46;
	objects = {

/* Begin PBXBuildFile section */
		D4D522791F2718C4001F8007 /* AppDelegate.swift in Sources */ = {isa = PBXBuildFile; fileRef = D4D522781F2718C4001F8007 /* AppDelegate.swift */; };
		D4D5227B1F2718C4001F8007 /* ViewController.swift in Sources */ = {isa = PBXBuildFile; fileRef = D4D5227A1F2718C4001F8007 /* ViewController.swift */; };
		D4D5227E1F2718C4001F8007 /* Main.storyboard in Resources */ = {isa = PBXBuildFile; fileRef = D4D5227C1F2718C4001F8007 /* Main.storyboard */; };
		D4D522801F2718C4001F8007 /* Assets.xcassets in Resources */ = {isa = PBXBuildFile; fileRef = D4D5227F1F2718C4001F8007 /* Assets.xcassets */; };
		D4D522831F2718C4001F8007 /* LaunchScreen.storyboard in Resources */ = {isa = PBXBuildFile; fileRef = D4D522811F2718C4001F8007 /* LaunchScreen.storyboard */; };
		D4D5228B1F27192B001F8007 /* HomeViewController.swift in Sources */ = {isa = PBXBuildFile; fileRef = D4D5228A1F27192B001F8007 /* HomeViewController.swift */; };
		D4D5228D1F271F26001F8007 /* PlayViewController.swift in Sources */ = {isa = PBXBuildFile; fileRef = D4D5228C1F271F26001F8007 /* PlayViewController.swift */; };
/* End PBXBuildFile section */

/* Begin PBXFileReference section */
		D4D522751F2718C4001F8007 /* NumberTouchGame.app */ = {isa = PBXFileReference; explicitFileType = wrapper.application; includeInIndex = 0; path = NumberTouchGame.app; sourceTree = BUILT_PRODUCTS_DIR; };
		D4D522781F2718C4001F8007 /* AppDelegate.swift */ = {isa = PBXFileReference; lastKnownFileType = sourcecode.swift; path = AppDelegate.swift; sourceTree = "<group>"; };
		D4D5227A1F2718C4001F8007 /* ViewController.swift */ = {isa = PBXFileReference; lastKnownFileType = sourcecode.swift; path = ViewController.swift; sourceTree = "<group>"; };
		D4D5227D1F2718C4001F8007 /* Base */ = {isa = PBXFileReference; lastKnownFileType = file.storyboard; name = Base; path = Base.lproj/Main.storyboard; sourceTree = "<group>"; };
		D4D5227F1F2718C4001F8007 /* Assets.xcassets */ = {isa = PBXFileReference; lastKnownFileType = folder.assetcatalog; path = Assets.xcassets; sourceTree = "<group>"; };
		D4D522821F2718C4001F8007 /* Base */ = {isa = PBXFileReference; lastKnownFileType = file.storyboard; name = Base; path = Base.lproj/LaunchScreen.storyboard; sourceTree = "<group>"; };
		D4D522841F2718C4001F8007 /* Info.plist */ = {isa = PBXFileReference; lastKnownFileType = text.plist.xml; path = Info.plist; sourceTree = "<group>"; };
		D4D5228A1F27192B001F8007 /* HomeViewController.swift */ = {isa = PBXFileReference; fileEncoding = 4; lastKnownFileType = sourcecode.swift; path = HomeViewController.swift; sourceTree = "<group>"; };
		D4D5228C1F271F26001F8007 /* PlayViewController.swift */ = {isa = PBXFileReference; fileEncoding = 4; lastKnownFileType = sourcecode.swift; path = PlayViewController.swift; sourceTree = "<group>"; };
/* End PBXFileReference section */

/* Begin PBXFrameworksBuildPhase section */
		D4D522721F2718C4001F8007 /* Frameworks */ = {
			isa = PBXFrameworksBuildPhase;
			buildActionMask = 2147483647;
			files = (
			);
			runOnlyForDeploymentPostprocessing = 0;
		};
/* End PBXFrameworksBuildPhase section */

/* Begin PBXGroup section */
		D4D5226C1F2718C4001F8007 = {
			isa = PBXGroup;
			children = (
				D4D522771F2718C4001F8007 /* NumberTouchGame */,
				D4D522761F2718C4001F8007 /* Products */,
			);
			sourceTree = "<group>";
		};
		D4D522761F2718C4001F8007 /* Products */ = {
			isa = PBXGroup;
			children = (
				D4D522751F2718C4001F8007 /* NumberTouchGame.app */,
			);
			name = Products;
			sourceTree = "<group>";
		};
		D4D522771F2718C4001F8007 /* NumberTouchGame */ = {
			isa = PBXGroup;
			children = (
				D4D522781F2718C4001F8007 /* AppDelegate.swift */,
				D4D5227A1F2718C4001F8007 /* ViewController.swift */,
				D4D5227C1F2718C4001F8007 /* Main.storyboard */,
				D4D5228C1F271F26001F8007 /* PlayViewController.swift */,
				D4D5228A1F27192B001F8007 /* HomeViewController.swift */,
				D4D5227F1F2718C4001F8007 /* Assets.xcassets */,
				D4D522811F2718C4001F8007 /* LaunchScreen.storyboard */,
				D4D522841F2718C4001F8007 /* Info.plist */,
			);
			path = NumberTouchGame;
			sourceTree = "<group>";
		};
/* End PBXGroup section */

/* Begin PBXNativeTarget section */
		D4D522741F2718C4001F8007 /* NumberTouchGame */ = {
			isa = PBXNativeTarget;
			buildConfigurationList = D4D522871F2718C4001F8007 /* Build configuration list for PBXNativeTarget "NumberTouchGame" */;
			buildPhases = (
				D4D522711F2718C4001F8007 /* Sources */,
				D4D522721F2718C4001F8007 /* Frameworks */,
				D4D522731F2718C4001F8007 /* Resources */,
			);
			buildRules = (
			);
			dependencies = (
			);
			name = NumberTouchGame;
			productName = NumberTouchGame;
			productReference = D4D522751F2718C4001F8007 /* NumberTouchGame.app */;
			productType = "com.apple.product-type.application";
		};
/* End PBXNativeTarget section */

/* Begin PBXProject section */
		D4D5226D1F2718C4001F8007 /* Project object */ = {
			isa = PBXProject;
			attributes = {
				LastSwiftUpdateCheck = 0830;
				LastUpgradeCheck = 0830;
				ORGANIZATIONNAME = dadong;
				TargetAttributes = {
					D4D522741F2718C4001F8007 = {
						CreatedOnToolsVersion = 8.3.3;
						ProvisioningStyle = Automatic;
					};
				};
			};
			buildConfigurationList = D4D522701F2718C4001F8007 /* Build configuration list for PBXProject "NumberTouchGame" */;
			compatibilityVersion = "Xcode 3.2";
			developmentRegion = English;
			hasScannedForEncodings = 0;
			knownRegions = (
				en,
				Base,
			);
			mainGroup = D4D5226C1F2718C4001F8007;
			productRefGroup = D4D522761F2718C4001F8007 /* Products */;
			projectDirPath = "";
			projectRoot = "";
			targets = (
				D4D522741F2718C4001F8007 /* NumberTouchGame */,
			);
		};
/* End PBXProject section */

/* Begin PBXResourcesBuildPhase section */
		D4D522731F2718C4001F8007 /* Resources */ = {
			isa = PBXResourcesBuildPhase;
			buildActionMask = 2147483647;
			files = (
				D4D522831F2718C4001F8007 /* LaunchScreen.storyboard in Resources */,
				D4D522801F2718C4001F8007 /* Assets.xcassets in Resources */,
				D4D5227E1F2718C4001F8007 /* Main.storyboard in Resources */,
			);
			runOnlyForDeploymentPostprocessing = 0;
		};
/* End PBXResourcesBuildPhase section */

/* Begin PBXSourcesBuildPhase section */
		D4D522711F2718C4001F8007 /* Sources */ = {
			isa = PBXSourcesBuildPhase;
			buildActionMask = 2147483647;
			files = (
				D4D5228D1F271F26001F8007 /* PlayViewController.swift in Sources */,
				D4D5227B1F2718C4001F8007 /* ViewController.swift in Sources */,
				D4D522791F2718C4001F8007 /* AppDelegate.swift in Sources */,
				D4D5228B1F27192B001F8007 /* HomeViewController.swift in Sources */,
			);
			runOnlyForDeploymentPostprocessing = 0;
		};
/* End PBXSourcesBuildPhase section */

/* Begin PBXVariantGroup section */
		D4D5227C1F2718C4001F8007 /* Main.storyboard */ = {
			isa = PBXVariantGroup;
			children = (
				D4D5227D1F2718C4001F8007 /* Base */,
			);
			name = Main.storyboard;
			sourceTree = "<group>";
		};
		D4D522811F2718C4001F8007 /* LaunchScreen.storyboard */ = {
			isa = PBXVariantGroup;
			children = (
				D4D522821F2718C4001F8007 /* Base */,
			);
			name = LaunchScreen.storyboard;
			sourceTree = "<group>";
		};
/* End PBXVariantGroup section */

/* Begin XCBuildConfiguration section */
		D4D522851F2718C4001F8007 /* Debug */ = {
			isa = XCBuildConfiguration;
			buildSettings = {
				ALWAYS_SEARCH_USER_PATHS = NO;
				CLANG_ANALYZER_NONNULL = YES;
				CLANG_ANALYZER_NUMBER_OBJECT_CONVERSION = YES_AGGRESSIVE;
				CLANG_CXX_LANGUAGE_STANDARD = "gnu++0x";
				CLANG_CXX_LIBRARY = "libc++";
				CLANG_ENABLE_MODULES = YES;
				CLANG_ENABLE_OBJC_ARC = YES;
				CLANG_WARN_BOOL_CONVERSION = YES;
				CLANG_WARN_CONSTANT_CONVERSION = YES;
				CLANG_WARN_DIRECT_OBJC_ISA_USAGE = YES_ERROR;
				CLANG_WARN_DOCUMENTATION_COMMENTS = YES;
				CLANG_WARN_EMPTY_BODY = YES;
				CLANG_WARN_ENUM_CONVERSION = YES;
				CLANG_WARN_INFINITE_RECURSION = YES;
				CLANG_WARN_INT_CONVERSION = YES;
				CLANG_WARN_OBJC_ROOT_CLASS = YES_ERROR;
				CLANG_WARN_SUSPICIOUS_MOVE = YES;
				CLANG_WARN_UNREACHABLE_CODE = YES;
				CLANG_WARN__DUPLICATE_METHOD_MATCH = YES;
				"CODE_SIGN_IDENTITY[sdk=iphoneos*]" = "iPhone Developer";
				COPY_PHASE_STRIP = NO;
				DEBUG_INFORMATION_FORMAT = dwarf;
				ENABLE_STRICT_OBJC_MSGSEND = YES;
				ENABLE_TESTABILITY = YES;
				GCC_C_LANGUAGE_STANDARD = gnu99;
				GCC_DYNAMIC_NO_PIC = NO;
				GCC_NO_COMMON_BLOCKS = YES;
				GCC_OPTIMIZATION_LEVEL = 0;
				GCC_PREPROCESSOR_DEFINITIONS = (
					"DEBUG=1",
					"$(inherited)",
				);
				GCC_WARN_64_TO_32_BIT_CONVERSION = YES;
				GCC_WARN_ABOUT_RETURN_TYPE = YES_ERROR;
				GCC_WARN_UNDECLARED_SELECTOR = YES;
				GCC_WARN_UNINITIALIZED_AUTOS = YES_AGGRESSIVE;
				GCC_WARN_UNUSED_FUNCTION = YES;
				GCC_WARN_UNUSED_VARIABLE = YES;
				IPHONEOS_DEPLOYMENT_TARGET = 10.3;
				MTL_ENABLE_DEBUG_INFO = YES;
				ONLY_ACTIVE_ARCH = YES;
				SDKROOT = iphoneos;
				SWIFT_ACTIVE_COMPILATION_CONDITIONS = DEBUG;
				SWIFT_OPTIMIZATION_LEVEL = "-Onone";
			};
			name = Debug;
		};
		D4D522861F2718C4001F8007 /* Release */ = {
			isa = XCBuildConfiguration;
			buildSettings = {
				ALWAYS_SEARCH_USER_PATHS = NO;
				CLANG_ANALYZER_NONNULL = YES;
				CLANG_ANALYZER_NUMBER_OBJECT_CONVERSION = YES_AGGRESSIVE;
				CLANG_CXX_LANGUAGE_STANDARD = "gnu++0x";
				CLANG_CXX_LIBRARY = "libc++";
				CLANG_ENABLE_MODULES = YES;
				CLANG_ENABLE_OBJC_ARC = YES;
				CLANG_WARN_BOOL_CONVERSION = YES;
				CLANG_WARN_CONSTANT_CONVERSION = YES;
				CLANG_WARN_DIRECT_OBJC_ISA_USAGE = YES_ERROR;
				CLANG_WARN_DOCUMENTATION_COMMENTS = YES;
				CLANG_WARN_EMPTY_BODY = YES;
				CLANG_WARN_ENUM_CONVERSION = YES;
				CLANG_WARN_INFINITE_RECURSION = YES;
				CLANG_WARN_INT_CONVERSION = YES;
				CLANG_WARN_OBJC_ROOT_CLASS = YES_ERROR;
				CLANG_WARN_SUSPICIOUS_MOVE = YES;
				CLANG_WARN_UNREACHABLE_CODE = YES;
				CLANG_WARN__DUPLICATE_METHOD_MATCH = YES;
				"CODE_SIGN_IDENTITY[sdk=iphoneos*]" = "iPhone Developer";
				COPY_PHASE_STRIP = NO;
				DEBUG_INFORMATION_FORMAT = "dwarf-with-dsym";
				ENABLE_NS_ASSERTIONS = NO;
				ENABLE_STRICT_OBJC_MSGSEND = YES;
				GCC_C_LANGUAGE_STANDARD = gnu99;
				GCC_NO_COMMON_BLOCKS = YES;
				GCC_WARN_64_TO_32_BIT_CONVERSION = YES;
				GCC_WARN_ABOUT_RETURN_TYPE = YES_ERROR;
				GCC_WARN_UNDECLARED_SELECTOR = YES;
				GCC_WARN_UNINITIALIZED_AUTOS = YES_AGGRESSIVE;
				GCC_WARN_UNUSED_FUNCTION = YES;
				GCC_WARN_UNUSED_VARIABLE = YES;
				IPHONEOS_DEPLOYMENT_TARGET = 10.3;
				MTL_ENABLE_DEBUG_INFO = NO;
				SDKROOT = iphoneos;
				SWIFT_OPTIMIZATION_LEVEL = "-Owholemodule";
				VALIDATE_PRODUCT = YES;
			};
			name = Release;
		};
		D4D522881F2718C4001F8007 /* Debug */ = {
			isa = XCBuildConfiguration;
			buildSettings = {
				ASSETCATALOG_COMPILER_APPICON_NAME = AppIcon;
				INFOPLIST_FILE = NumberTouchGame/Info.plist;
				LD_RUNPATH_SEARCH_PATHS = "$(inherited) @executable_path/Frameworks";
				PRODUCT_BUNDLE_IDENTIFIER = com.dadong.NumberTouchGame;
				PRODUCT_NAME = "$(TARGET_NAME)";
				SWIFT_VERSION = 3.0;
			};
			name = Debug;
		};
		D4D522891F2718C4001F8007 /* Release */ = {
			isa = XCBuildConfiguration;
			buildSettings = {
				ASSETCATALOG_COMPILER_APPICON_NAME = AppIcon;
				INFOPLIST_FILE = NumberTouchGame/Info.plist;
				LD_RUNPATH_SEARCH_PATHS = "$(inherited) @executable_path/Frameworks";
				PRODUCT_BUNDLE_IDENTIFIER = com.dadong.NumberTouchGame;
				PRODUCT_NAME = "$(TARGET_NAME)";
				SWIFT_VERSION = 3.0;
			};
			name = Release;
		};
/* End XCBuildConfiguration section */

/* Begin XCConfigurationList section */
		D4D522701F2718C4001F8007 /* Build configuration list for PBXProject "NumberTouchGame" */ = {
			isa = XCConfigurationList;
			buildConfigurations = (
				D4D522851F2718C4001F8007 /* Debug */,
				D4D522861F2718C4001F8007 /* Release */,
			);
			defaultConfigurationIsVisible = 0;
			defaultConfigurationName = Release;
		};
		D4D522871F2718C4001F8007 /* Build configuration list for PBXNativeTarget "NumberTouchGame" */ = {
			isa = XCConfigurationList;
			buildConfigurations = (
				D4D522881F2718C4001F8007 /* Debug */,
				D4D522891F2718C4001F8007 /* Release */,
			);
			defaultConfigurationIsVisible = 0;
		};
/* End XCConfigurationList section */
	};
	rootObject = D4D5226D1F2718C4001F8007 /* Project object */;
}
